
Microsoft Visual Studio Solution File, Format Version 12.00
# Visual Studio Version 16
VisualStudioVersion = 16.0.29613.14
MinimumVisualStudioVersion = 10.0.40219.1
Project("{8BC9CEB8-8B4A-11D0-8D11-00A0C91BC942}") = "MenuDesign", "MenuDesign.vcxproj", "{1336B4CA-9217-4733-A284-5B14F74CB7FA}"
EndProject
Global
	GlobalSection(SolutionConfigurationPlatforms) = preSolution
		Debug|x64 = Debug|x64
		Debug|x86 = Debug|x86
		Release|x64 = Release|x64
		Release|x86 = Release|x86
	EndGlobalSection
	GlobalSection(ProjectConfigurationPlatforms) = postSolution
		{1336B4CA-9217-4733-A284-5B14F74CB7FA}.Debug|x64.ActiveCfg = Debug|x64
		{1336B4CA-9217-4733-A284-5B14F74CB7FA}.Debug|x64.Build.0 = Debug|x64
		{1336B4CA-9217-4733-A284-5B14F74CB7FA}.Debug|x86.ActiveCfg = Debug|Win32
		{1336B4CA-9217-4733-A284-5B14F74CB7FA}.Debug|x86.Build.0 = Debug|Win32
		{1336B4CA-9217-4733-A284-5B14F74CB7FA}.Release|x64.ActiveCfg = Release|x64
		{1336B4CA-9217-4733-A284-5B14F74CB7FA}.Release|x64.Build.0 = Release|x64
		{1336B4CA-9217-4733-A284-5B14F74CB7FA}.Release|x86.ActiveCfg = Release|Win32
		{1336B4CA-9217-4733-A284-5B14F74CB7FA}.Release|x86.Build.0 = Release|Win32
	EndGlobalSection
	GlobalSection(SolutionProperties) = preSolution
		HideSolutionNode = FALSE
	EndGlobalSection
	GlobalSection(ExtensibilityGlobals) = postSolution
		SolutionGuid = {A403E3B1-4345-41FC-B05C-47043AE5B52C}
	EndGlobalSection
EndGlobal
