
Microsoft Visual Studio Solution File, Format Version 12.00
# Visual Studio Version 16
VisualStudioVersion = 16.0.29613.14
MinimumVisualStudioVersion = 10.0.40219.1
Project("{8BC9CEB8-8B4A-11D0-8D11-00A0C91BC942}") = "ShowCursorPos", "ShowCursorPos.vcxproj", "{E8758E34-F066-42F3-BDF7-017AE0006CDB}"
EndProject
Global
	GlobalSection(SolutionConfigurationPlatforms) = preSolution
		Debug|x64 = Debug|x64
		Debug|x86 = Debug|x86
		Release|x64 = Release|x64
		Release|x86 = Release|x86
	EndGlobalSection
	GlobalSection(ProjectConfigurationPlatforms) = postSolution
		{E8758E34-F066-42F3-BDF7-017AE0006CDB}.Debug|x64.ActiveCfg = Debug|x64
		{E8758E34-F066-42F3-BDF7-017AE0006CDB}.Debug|x64.Build.0 = Debug|x64
		{E8758E34-F066-42F3-BDF7-017AE0006CDB}.Debug|x86.ActiveCfg = Debug|Win32
		{E8758E34-F066-42F3-BDF7-017AE0006CDB}.Debug|x86.Build.0 = Debug|Win32
		{E8758E34-F066-42F3-BDF7-017AE0006CDB}.Release|x64.ActiveCfg = Release|x64
		{E8758E34-F066-42F3-BDF7-017AE0006CDB}.Release|x64.Build.0 = Release|x64
		{E8758E34-F066-42F3-BDF7-017AE0006CDB}.Release|x86.ActiveCfg = Release|Win32
		{E8758E34-F066-42F3-BDF7-017AE0006CDB}.Release|x86.Build.0 = Release|Win32
	EndGlobalSection
	GlobalSection(SolutionProperties) = preSolution
		HideSolutionNode = FALSE
	EndGlobalSection
	GlobalSection(ExtensibilityGlobals) = postSolution
		SolutionGuid = {49E9E328-9EDF-453D-B728-BB92A2B2E538}
	EndGlobalSection
EndGlobal
