
Microsoft Visual Studio Solution File, Format Version 12.00
# Visual Studio Version 16
VisualStudioVersion = 16.0.29709.97
MinimumVisualStudioVersion = 10.0.40219.1
Project("{8BC9CEB8-8B4A-11D0-8D11-00A0C91BC942}") = "TCPClient1", "TCPClient1.vcxproj", "{F7691DCE-0C17-4034-A994-7345B3A294FA}"
EndProject
Global
	GlobalSection(SolutionConfigurationPlatforms) = preSolution
		Debug|x64 = Debug|x64
		Debug|x86 = Debug|x86
		Release|x64 = Release|x64
		Release|x86 = Release|x86
	EndGlobalSection
	GlobalSection(ProjectConfigurationPlatforms) = postSolution
		{F7691DCE-0C17-4034-A994-7345B3A294FA}.Debug|x64.ActiveCfg = Debug|x64
		{F7691DCE-0C17-4034-A994-7345B3A294FA}.Debug|x64.Build.0 = Debug|x64
		{F7691DCE-0C17-4034-A994-7345B3A294FA}.Debug|x86.ActiveCfg = Debug|Win32
		{F7691DCE-0C17-4034-A994-7345B3A294FA}.Debug|x86.Build.0 = Debug|Win32
		{F7691DCE-0C17-4034-A994-7345B3A294FA}.Release|x64.ActiveCfg = Release|x64
		{F7691DCE-0C17-4034-A994-7345B3A294FA}.Release|x64.Build.0 = Release|x64
		{F7691DCE-0C17-4034-A994-7345B3A294FA}.Release|x86.ActiveCfg = Release|Win32
		{F7691DCE-0C17-4034-A994-7345B3A294FA}.Release|x86.Build.0 = Release|Win32
	EndGlobalSection
	GlobalSection(SolutionProperties) = preSolution
		HideSolutionNode = FALSE
	EndGlobalSection
	GlobalSection(ExtensibilityGlobals) = postSolution
		SolutionGuid = {22629E2D-97B6-4D8D-824B-C28436F5EAFF}
	EndGlobalSection
EndGlobal
